
Microsoft Visual Studio Solution File, Format Version 12.00
# Visual Studio Version 16
VisualStudioVersion = 16.0.29509.3
MinimumVisualStudioVersion = 10.0.40219.1
Project("{FAE04EC0-301F-11D3-BF4B-00C04F79EFBC}") = "Audioplayer", "Audioplayer\Audioplayer.csproj", "{32383473-DE2A-4B8E-913C-6C0F33804F44}"
EndProject
Global
	GlobalSection(SolutionConfigurationPlatforms) = preSolution
		Debug|Any CPU = Debug|Any CPU
		Release|Any CPU = Release|Any CPU
	EndGlobalSection
	GlobalSection(ProjectConfigurationPlatforms) = postSolution
		{32383473-DE2A-4B8E-913C-6C0F33804F44}.Debug|Any CPU.ActiveCfg = Debug|Any CPU
		{32383473-DE2A-4B8E-913C-6C0F33804F44}.Debug|Any CPU.Build.0 = Debug|Any CPU
		{32383473-DE2A-4B8E-913C-6C0F33804F44}.Release|Any CPU.ActiveCfg = Release|Any CPU
		{32383473-DE2A-4B8E-913C-6C0F33804F44}.Release|Any CPU.Build.0 = Release|Any CPU
	EndGlobalSection
	GlobalSection(SolutionProperties) = preSolution
		HideSolutionNode = FALSE
	EndGlobalSection
	GlobalSection(ExtensibilityGlobals) = postSolution
		SolutionGuid = {BD8B9FB8-5B97-4406-B20F-B35EBC47371C}
	EndGlobalSection
EndGlobal
